# generated by rye
# use `rye lock` or `rye sync` to update this lockfile
#
# last locked with the following flags:
#   pre: false
#   features: ["dev"]
#   all-features: false
#   with-sources: false
#   generate-hashes: false
#   universal: false

-e file:.
aiohttp==3.9.5
    # via cosmic-ray
aiosignal==1.3.1
    # via aiohttp
annotated-types==0.7.0
    # via pydantic
anybadge==1.14.0
    # via cosmic-ray
argcomplete==3.4.0
    # via nox
async-timeout==4.0.3
    # via aiohttp
attrs==23.2.0
    # via aiohttp
bracex==2.4
    # via wcmatch
bump-my-version==0.24.3
    # via cosmic-ray
click==8.1.7
    # via bump-my-version
    # via cosmic-ray
    # via rich-click
colorlog==6.8.2
    # via nox
decorator==5.1.1
    # via cosmic-ray
distlib==0.3.8
    # via virtualenv
exit-codes==1.3.0
    # via cosmic-ray
filelock==3.15.4
    # via virtualenv
flake8==7.1.0
    # via cosmic-ray
    # via flake8-pyproject
flake8-pyproject==1.2.3
    # via cosmic-ray
frozenlist==1.4.1
    # via aiohttp
    # via aiosignal
gitdb==4.0.11
    # via gitpython
gitpython==3.1.43
    # via cosmic-ray
idna==3.7
    # via yarl
iterfzf==1.4.0.51.0
    # via qprompt
markdown-it-py==3.0.0
    # via rich
mccabe==0.7.0
    # via flake8
mdurl==0.1.2
    # via markdown-it-py
multidict==6.0.5
    # via aiohttp
    # via yarl
nox==2024.4.15
    # via cosmic-ray
packaging==24.1
    # via anybadge
    # via nox
parso==0.8.4
    # via cosmic-ray
pbr==6.0.0
    # via stevedore
platformdirs==4.2.2
    # via virtualenv
prompt-toolkit==3.0.36
    # via questionary
pycodestyle==2.12.0
    # via flake8
pydantic==2.8.2
    # via bump-my-version
    # via pydantic-settings
pydantic-core==2.20.1
    # via pydantic
pydantic-settings==2.3.4
    # via bump-my-version
pyflakes==3.2.0
    # via flake8
pygments==2.18.0
    # via rich
python-dotenv==1.0.1
    # via pydantic-settings
qprompt==0.16.3
    # via cosmic-ray
questionary==2.0.1
    # via bump-my-version
rich==13.7.1
    # via bump-my-version
    # via cosmic-ray
    # via rich-click
rich-click==1.8.3
    # via bump-my-version
ruff==0.5.4
    # via cosmic-ray
smmap==5.0.1
    # via gitdb
sqlalchemy==2.0.31
    # via cosmic-ray
stevedore==5.2.0
    # via cosmic-ray
toml==0.10.2
    # via cosmic-ray
tomli==2.0.1
    # via flake8-pyproject
    # via nox
tomlkit==0.13.0
    # via bump-my-version
typing-extensions==4.12.2
    # via annotated-types
    # via pydantic
    # via pydantic-core
    # via rich
    # via rich-click
    # via sqlalchemy
virtualenv==20.26.3
    # via nox
wcmatch==8.5.2
    # via bump-my-version
wcwidth==0.2.13
    # via prompt-toolkit
yarl==1.9.4
    # via aiohttp
yattag==1.15.2
    # via cosmic-ray
